
Microsoft Visual Studio Solution File, Format Version 12.00
# Visual Studio 14
VisualStudioVersion = 14.0.23107.0
MinimumVisualStudioVersion = 10.0.40219.1
Project("{2150E333-8FDC-42A3-9474-1A3956D46DE8}") = "Tests", "Tests", "{05CBDD8C-9F84-496F-A54D-6406468A047B}"
EndProject
Project("{2150E333-8FDC-42A3-9474-1A3956D46DE8}") = "Core", "Core", "{60BD53AA-85EB-4133-BA9E-771A49B149C5}"
EndProject
Project("{FAE04EC0-301F-11D3-BF4B-00C04F79EFBC}") = "LightShell", "Core\LightShell\LightShell.csproj", "{579B8082-42B3-4C67-943F-97BDDB2FFC62}"
EndProject
Project("{FAE04EC0-301F-11D3-BF4B-00C04F79EFBC}") = "LightShell.Api", "Core\LightShell.Api\LightShell.Api.csproj", "{ADD8F9A1-DAE9-4CC2-8B5D-A5B36F4E7D98}"
EndProject
Project("{FAE04EC0-301F-11D3-BF4B-00C04F79EFBC}") = "LightShell.Messaging", "Core\LightShell.Messaging\LightShell.Messaging.csproj", "{7DBBDE05-EF7F-4FB3-B4D5-540A03E4B9B4}"
EndProject
Project("{FAE04EC0-301F-11D3-BF4B-00C04F79EFBC}") = "LightShell.Plugin.Diagnostics", "Core\LightShell.Plugin.Diagnostics\LightShell.Plugin.Diagnostics.csproj", "{18CBF1BE-5C17-460D-8EDD-2B793AFD9763}"
EndProject
Project("{FAE04EC0-301F-11D3-BF4B-00C04F79EFBC}") = "SampleApp", "LightShell.SampleApp\SampleApp.csproj", "{F267DA41-3012-435A-813C-6754D5BE723B}"
EndProject
Global
	GlobalSection(SolutionConfigurationPlatforms) = preSolution
		Debug|x86 = Debug|x86
		Release|x86 = Release|x86
	EndGlobalSection
	GlobalSection(ProjectConfigurationPlatforms) = postSolution
		{579B8082-42B3-4C67-943F-97BDDB2FFC62}.Debug|x86.ActiveCfg = Debug|x86
		{579B8082-42B3-4C67-943F-97BDDB2FFC62}.Debug|x86.Build.0 = Debug|x86
		{579B8082-42B3-4C67-943F-97BDDB2FFC62}.Release|x86.ActiveCfg = Release|x86
		{579B8082-42B3-4C67-943F-97BDDB2FFC62}.Release|x86.Build.0 = Release|x86
		{ADD8F9A1-DAE9-4CC2-8B5D-A5B36F4E7D98}.Debug|x86.ActiveCfg = Debug|x86
		{ADD8F9A1-DAE9-4CC2-8B5D-A5B36F4E7D98}.Debug|x86.Build.0 = Debug|x86
		{ADD8F9A1-DAE9-4CC2-8B5D-A5B36F4E7D98}.Release|x86.ActiveCfg = Release|x86
		{ADD8F9A1-DAE9-4CC2-8B5D-A5B36F4E7D98}.Release|x86.Build.0 = Release|x86
		{7DBBDE05-EF7F-4FB3-B4D5-540A03E4B9B4}.Debug|x86.ActiveCfg = Debug|x86
		{7DBBDE05-EF7F-4FB3-B4D5-540A03E4B9B4}.Debug|x86.Build.0 = Debug|x86
		{7DBBDE05-EF7F-4FB3-B4D5-540A03E4B9B4}.Release|x86.ActiveCfg = Release|x86
		{7DBBDE05-EF7F-4FB3-B4D5-540A03E4B9B4}.Release|x86.Build.0 = Release|x86
		{18CBF1BE-5C17-460D-8EDD-2B793AFD9763}.Debug|x86.ActiveCfg = Debug|x86
		{18CBF1BE-5C17-460D-8EDD-2B793AFD9763}.Debug|x86.Build.0 = Debug|x86
		{18CBF1BE-5C17-460D-8EDD-2B793AFD9763}.Release|x86.ActiveCfg = Release|x86
		{18CBF1BE-5C17-460D-8EDD-2B793AFD9763}.Release|x86.Build.0 = Release|x86
		{F267DA41-3012-435A-813C-6754D5BE723B}.Debug|x86.ActiveCfg = Debug|x86
		{F267DA41-3012-435A-813C-6754D5BE723B}.Debug|x86.Build.0 = Debug|x86
		{F267DA41-3012-435A-813C-6754D5BE723B}.Release|x86.ActiveCfg = Release|x86
		{F267DA41-3012-435A-813C-6754D5BE723B}.Release|x86.Build.0 = Release|x86
	EndGlobalSection
	GlobalSection(SolutionProperties) = preSolution
		HideSolutionNode = FALSE
	EndGlobalSection
	GlobalSection(NestedProjects) = preSolution
		{579B8082-42B3-4C67-943F-97BDDB2FFC62} = {60BD53AA-85EB-4133-BA9E-771A49B149C5}
		{ADD8F9A1-DAE9-4CC2-8B5D-A5B36F4E7D98} = {60BD53AA-85EB-4133-BA9E-771A49B149C5}
		{7DBBDE05-EF7F-4FB3-B4D5-540A03E4B9B4} = {60BD53AA-85EB-4133-BA9E-771A49B149C5}
		{18CBF1BE-5C17-460D-8EDD-2B793AFD9763} = {60BD53AA-85EB-4133-BA9E-771A49B149C5}
	EndGlobalSection
EndGlobal
